<?xml version="1.0" encoding="UTF-8"?>
<CodeBlocks_project_file>
	<FileVersion major="1" minor="6"/>
	<Project>
		<Option title="zlib"/>
		<Option makefile_is_custom="1"/>
		<Option compiler="msvc8"/>
		<Option virtualFolders="CMake Files\;CMake Files\dependencies\;CMake Files\dependencies\assimp\;CMake Files\dependencies\assimp\cmake\;CMake Files\dependencies\assimp\include\;CMake Files\dependencies\assimp\include\assimp\;CMake Files\dependencies\assimp\cmake-modules\;CMake Files\dependencies\assimp\contrib\;CMake Files\dependencies\assimp\contrib\zlib\;CMake Files\dependencies\assimp\contrib\irrXML\;CMake Files\dependencies\assimp\code\;CMake Files\dependencies\glfw\;CMake Files\dependencies\glfw\CMake\;CMake Files\dependencies\glfw\src\;CMake Files\dependencies\glad\;CMake Files\dependencies\stb\;CMake Files\dependencies\lua\;"/>
		<Build>
			<Target title="all">
				<Option working_dir="C:/Users/User/Documents/GitHub/HellbenderEngine/HBE/cmake-build-debug/dependencies/assimp/contrib/zlib"/>
				<Option type="4"/>
				<MakeCommands>
					<Build command="nmake /NOLOGO /f C:\Users\User\Documents\GitHub\HellbenderEngine\HBE\cmake-build-debug\dependencies\assimp\contrib\zlib\Makefile VERBOSE=1 all"/>
					<CompileFile command="nmake /NOLOGO /f C:\Users\User\Documents\GitHub\HellbenderEngine\HBE\cmake-build-debug\dependencies\assimp\contrib\zlib\Makefile VERBOSE=1 &quot;$file&quot;"/>
					<Clean command="nmake /NOLOGO /f C:\Users\User\Documents\GitHub\HellbenderEngine\HBE\cmake-build-debug\dependencies\assimp\contrib\zlib\Makefile VERBOSE=1 clean"/>
					<DistClean command="nmake /NOLOGO /f C:\Users\User\Documents\GitHub\HellbenderEngine\HBE\cmake-build-debug\dependencies\assimp\contrib\zlib\Makefile VERBOSE=1 clean"/>
				</MakeCommands>
			</Target>
			<Target title="zlib">
				<Option output="C:/Users/User/Documents/GitHub/HellbenderEngine/HBE/cmake-build-debug/dependencies/assimp/contrib/zlib/zlibd.dll" prefix_auto="0" extension_auto="0"/>
				<Option working_dir="C:/Users/User/Documents/GitHub/HellbenderEngine/HBE/cmake-build-debug/dependencies/assimp/contrib/zlib"/>
				<Option object_output="./"/>
				<Option type="3"/>
				<Option compiler="msvc8"/>
				<Compiler>
					<Add option="-DWIN32_LEAN_AND_MEAN"/>
					<Add option="-DUNICODE"/>
					<Add option="-D_UNICODE"/>
					<Add option="-DNO_FSEEKO"/>
					<Add option="-D_CRT_SECURE_NO_DEPRECATE"/>
					<Add option="-D_CRT_NONSTDC_NO_DEPRECATE"/>
					<Add directory="C:/Users/User/Documents/GitHub/HellbenderEngine/HBE/cmake-build-debug/dependencies/assimp/include"/>
					<Add directory="C:/Users/User/Documents/GitHub/HellbenderEngine/HBE/cmake-build-debug/dependencies/assimp"/>
					<Add directory="C:/Users/User/Documents/GitHub/HellbenderEngine/HBE/dependencies/assimp/include"/>
					<Add directory="C:/Users/User/Documents/GitHub/HellbenderEngine/HBE/dependencies/assimp/code"/>
					<Add directory="C:/Users/User/Documents/GitHub/HellbenderEngine/HBE/dependencies/assimp/."/>
					<Add directory="C:/Users/User/Documents/GitHub/HellbenderEngine/HBE/dependencies/assimp/contrib/zlib"/>
					<Add directory="C:/Users/User/Documents/GitHub/HellbenderEngine/HBE/cmake-build-debug/dependencies/assimp/contrib/zlib"/>
					<Add directory="C:/Users/User/Documents/GitHub/HellbenderEngine/HBE"/>
					<Add directory="C:\Program Files (x86)\Microsoft Visual Studio\2019\Community\VC\Tools\MSVC\14.26.28801\ATLMFC\include"/>
					<Add directory="C:\Program Files (x86)\Microsoft Visual Studio\2019\Community\VC\Tools\MSVC\14.26.28801\include"/>
					<Add directory="C:\Program Files (x86)\Windows Kits\NETFXSDK\4.8\include\um"/>
					<Add directory="C:\Program Files (x86)\Windows Kits\10\include\10.0.18362.0\ucrt"/>
					<Add directory="C:\Program Files (x86)\Windows Kits\10\include\10.0.18362.0\shared"/>
					<Add directory="C:\Program Files (x86)\Windows Kits\10\include\10.0.18362.0\um"/>
					<Add directory="C:\Program Files (x86)\Windows Kits\10\include\10.0.18362.0\winrt"/>
					<Add directory="C:\Program Files (x86)\Windows Kits\10\include\10.0.18362.0\cppwinrt"/>
				</Compiler>
				<MakeCommands>
					<Build command="nmake /NOLOGO /f C:\Users\User\Documents\GitHub\HellbenderEngine\HBE\cmake-build-debug\dependencies\assimp\contrib\zlib\Makefile VERBOSE=1 zlib"/>
					<CompileFile command="nmake /NOLOGO /f C:\Users\User\Documents\GitHub\HellbenderEngine\HBE\cmake-build-debug\dependencies\assimp\contrib\zlib\Makefile VERBOSE=1 &quot;$file&quot;"/>
					<Clean command="nmake /NOLOGO /f C:\Users\User\Documents\GitHub\HellbenderEngine\HBE\cmake-build-debug\dependencies\assimp\contrib\zlib\Makefile VERBOSE=1 clean"/>
					<DistClean command="nmake /NOLOGO /f C:\Users\User\Documents\GitHub\HellbenderEngine\HBE\cmake-build-debug\dependencies\assimp\contrib\zlib\Makefile VERBOSE=1 clean"/>
				</MakeCommands>
			</Target>
			<Target title="zlib/fast">
				<Option output="C:/Users/User/Documents/GitHub/HellbenderEngine/HBE/cmake-build-debug/dependencies/assimp/contrib/zlib/zlibd.dll" prefix_auto="0" extension_auto="0"/>
				<Option working_dir="C:/Users/User/Documents/GitHub/HellbenderEngine/HBE/cmake-build-debug/dependencies/assimp/contrib/zlib"/>
				<Option object_output="./"/>
				<Option type="3"/>
				<Option compiler="msvc8"/>
				<Compiler>
					<Add option="-DWIN32_LEAN_AND_MEAN"/>
					<Add option="-DUNICODE"/>
					<Add option="-D_UNICODE"/>
					<Add option="-DNO_FSEEKO"/>
					<Add option="-D_CRT_SECURE_NO_DEPRECATE"/>
					<Add option="-D_CRT_NONSTDC_NO_DEPRECATE"/>
					<Add directory="C:/Users/User/Documents/GitHub/HellbenderEngine/HBE/cmake-build-debug/dependencies/assimp/include"/>
					<Add directory="C:/Users/User/Documents/GitHub/HellbenderEngine/HBE/cmake-build-debug/dependencies/assimp"/>
					<Add directory="C:/Users/User/Documents/GitHub/HellbenderEngine/HBE/dependencies/assimp/include"/>
					<Add directory="C:/Users/User/Documents/GitHub/HellbenderEngine/HBE/dependencies/assimp/code"/>
					<Add directory="C:/Users/User/Documents/GitHub/HellbenderEngine/HBE/dependencies/assimp/."/>
					<Add directory="C:/Users/User/Documents/GitHub/HellbenderEngine/HBE/dependencies/assimp/contrib/zlib"/>
					<Add directory="C:/Users/User/Documents/GitHub/HellbenderEngine/HBE/cmake-build-debug/dependencies/assimp/contrib/zlib"/>
					<Add directory="C:/Users/User/Documents/GitHub/HellbenderEngine/HBE"/>
					<Add directory="C:\Program Files (x86)\Microsoft Visual Studio\2019\Community\VC\Tools\MSVC\14.26.28801\ATLMFC\include"/>
					<Add directory="C:\Program Files (x86)\Microsoft Visual Studio\2019\Community\VC\Tools\MSVC\14.26.28801\include"/>
					<Add directory="C:\Program Files (x86)\Windows Kits\NETFXSDK\4.8\include\um"/>
					<Add directory="C:\Program Files (x86)\Windows Kits\10\include\10.0.18362.0\ucrt"/>
					<Add directory="C:\Program Files (x86)\Windows Kits\10\include\10.0.18362.0\shared"/>
					<Add directory="C:\Program Files (x86)\Windows Kits\10\include\10.0.18362.0\um"/>
					<Add directory="C:\Program Files (x86)\Windows Kits\10\include\10.0.18362.0\winrt"/>
					<Add directory="C:\Program Files (x86)\Windows Kits\10\include\10.0.18362.0\cppwinrt"/>
				</Compiler>
				<MakeCommands>
					<Build command="nmake /NOLOGO /f C:\Users\User\Documents\GitHub\HellbenderEngine\HBE\cmake-build-debug\dependencies\assimp\contrib\zlib\Makefile VERBOSE=1 zlib/fast"/>
					<CompileFile command="nmake /NOLOGO /f C:\Users\User\Documents\GitHub\HellbenderEngine\HBE\cmake-build-debug\dependencies\assimp\contrib\zlib\Makefile VERBOSE=1 &quot;$file&quot;"/>
					<Clean command="nmake /NOLOGO /f C:\Users\User\Documents\GitHub\HellbenderEngine\HBE\cmake-build-debug\dependencies\assimp\contrib\zlib\Makefile VERBOSE=1 clean"/>
					<DistClean command="nmake /NOLOGO /f C:\Users\User\Documents\GitHub\HellbenderEngine\HBE\cmake-build-debug\dependencies\assimp\contrib\zlib\Makefile VERBOSE=1 clean"/>
				</MakeCommands>
			</Target>
			<Target title="zlibstatic">
				<Option output="C:/Users/User/Documents/GitHub/HellbenderEngine/HBE/cmake-build-debug/dependencies/assimp/contrib/zlib/zlibstaticd.lib" prefix_auto="0" extension_auto="0"/>
				<Option working_dir="C:/Users/User/Documents/GitHub/HellbenderEngine/HBE/cmake-build-debug/dependencies/assimp/contrib/zlib"/>
				<Option object_output="./"/>
				<Option type="2"/>
				<Option compiler="msvc8"/>
				<Compiler>
					<Add option="-DWIN32_LEAN_AND_MEAN"/>
					<Add option="-DUNICODE"/>
					<Add option="-D_UNICODE"/>
					<Add option="-DNO_FSEEKO"/>
					<Add option="-D_CRT_SECURE_NO_DEPRECATE"/>
					<Add option="-D_CRT_NONSTDC_NO_DEPRECATE"/>
					<Add directory="C:/Users/User/Documents/GitHub/HellbenderEngine/HBE/cmake-build-debug/dependencies/assimp/include"/>
					<Add directory="C:/Users/User/Documents/GitHub/HellbenderEngine/HBE/cmake-build-debug/dependencies/assimp"/>
					<Add directory="C:/Users/User/Documents/GitHub/HellbenderEngine/HBE/dependencies/assimp/include"/>
					<Add directory="C:/Users/User/Documents/GitHub/HellbenderEngine/HBE/dependencies/assimp/code"/>
					<Add directory="C:/Users/User/Documents/GitHub/HellbenderEngine/HBE/dependencies/assimp/."/>
					<Add directory="C:/Users/User/Documents/GitHub/HellbenderEngine/HBE/dependencies/assimp/contrib/zlib"/>
					<Add directory="C:/Users/User/Documents/GitHub/HellbenderEngine/HBE/cmake-build-debug/dependencies/assimp/contrib/zlib"/>
					<Add directory="C:/Users/User/Documents/GitHub/HellbenderEngine/HBE"/>
					<Add directory="C:\Program Files (x86)\Microsoft Visual Studio\2019\Community\VC\Tools\MSVC\14.26.28801\ATLMFC\include"/>
					<Add directory="C:\Program Files (x86)\Microsoft Visual Studio\2019\Community\VC\Tools\MSVC\14.26.28801\include"/>
					<Add directory="C:\Program Files (x86)\Windows Kits\NETFXSDK\4.8\include\um"/>
					<Add directory="C:\Program Files (x86)\Windows Kits\10\include\10.0.18362.0\ucrt"/>
					<Add directory="C:\Program Files (x86)\Windows Kits\10\include\10.0.18362.0\shared"/>
					<Add directory="C:\Program Files (x86)\Windows Kits\10\include\10.0.18362.0\um"/>
					<Add directory="C:\Program Files (x86)\Windows Kits\10\include\10.0.18362.0\winrt"/>
					<Add directory="C:\Program Files (x86)\Windows Kits\10\include\10.0.18362.0\cppwinrt"/>
				</Compiler>
				<MakeCommands>
					<Build command="nmake /NOLOGO /f C:\Users\User\Documents\GitHub\HellbenderEngine\HBE\cmake-build-debug\dependencies\assimp\contrib\zlib\Makefile VERBOSE=1 zlibstatic"/>
					<CompileFile command="nmake /NOLOGO /f C:\Users\User\Documents\GitHub\HellbenderEngine\HBE\cmake-build-debug\dependencies\assimp\contrib\zlib\Makefile VERBOSE=1 &quot;$file&quot;"/>
					<Clean command="nmake /NOLOGO /f C:\Users\User\Documents\GitHub\HellbenderEngine\HBE\cmake-build-debug\dependencies\assimp\contrib\zlib\Makefile VERBOSE=1 clean"/>
					<DistClean command="nmake /NOLOGO /f C:\Users\User\Documents\GitHub\HellbenderEngine\HBE\cmake-build-debug\dependencies\assimp\contrib\zlib\Makefile VERBOSE=1 clean"/>
				</MakeCommands>
			</Target>
			<Target title="zlibstatic/fast">
				<Option output="C:/Users/User/Documents/GitHub/HellbenderEngine/HBE/cmake-build-debug/dependencies/assimp/contrib/zlib/zlibstaticd.lib" prefix_auto="0" extension_auto="0"/>
				<Option working_dir="C:/Users/User/Documents/GitHub/HellbenderEngine/HBE/cmake-build-debug/dependencies/assimp/contrib/zlib"/>
				<Option object_output="./"/>
				<Option type="2"/>
				<Option compiler="msvc8"/>
				<Compiler>
					<Add option="-DWIN32_LEAN_AND_MEAN"/>
					<Add option="-DUNICODE"/>
					<Add option="-D_UNICODE"/>
					<Add option="-DNO_FSEEKO"/>
					<Add option="-D_CRT_SECURE_NO_DEPRECATE"/>
					<Add option="-D_CRT_NONSTDC_NO_DEPRECATE"/>
					<Add directory="C:/Users/User/Documents/GitHub/HellbenderEngine/HBE/cmake-build-debug/dependencies/assimp/include"/>
					<Add directory="C:/Users/User/Documents/GitHub/HellbenderEngine/HBE/cmake-build-debug/dependencies/assimp"/>
					<Add directory="C:/Users/User/Documents/GitHub/HellbenderEngine/HBE/dependencies/assimp/include"/>
					<Add directory="C:/Users/User/Documents/GitHub/HellbenderEngine/HBE/dependencies/assimp/code"/>
					<Add directory="C:/Users/User/Documents/GitHub/HellbenderEngine/HBE/dependencies/assimp/."/>
					<Add directory="C:/Users/User/Documents/GitHub/HellbenderEngine/HBE/dependencies/assimp/contrib/zlib"/>
					<Add directory="C:/Users/User/Documents/GitHub/HellbenderEngine/HBE/cmake-build-debug/dependencies/assimp/contrib/zlib"/>
					<Add directory="C:/Users/User/Documents/GitHub/HellbenderEngine/HBE"/>
					<Add directory="C:\Program Files (x86)\Microsoft Visual Studio\2019\Community\VC\Tools\MSVC\14.26.28801\ATLMFC\include"/>
					<Add directory="C:\Program Files (x86)\Microsoft Visual Studio\2019\Community\VC\Tools\MSVC\14.26.28801\include"/>
					<Add directory="C:\Program Files (x86)\Windows Kits\NETFXSDK\4.8\include\um"/>
					<Add directory="C:\Program Files (x86)\Windows Kits\10\include\10.0.18362.0\ucrt"/>
					<Add directory="C:\Program Files (x86)\Windows Kits\10\include\10.0.18362.0\shared"/>
					<Add directory="C:\Program Files (x86)\Windows Kits\10\include\10.0.18362.0\um"/>
					<Add directory="C:\Program Files (x86)\Windows Kits\10\include\10.0.18362.0\winrt"/>
					<Add directory="C:\Program Files (x86)\Windows Kits\10\include\10.0.18362.0\cppwinrt"/>
				</Compiler>
				<MakeCommands>
					<Build command="nmake /NOLOGO /f C:\Users\User\Documents\GitHub\HellbenderEngine\HBE\cmake-build-debug\dependencies\assimp\contrib\zlib\Makefile VERBOSE=1 zlibstatic/fast"/>
					<CompileFile command="nmake /NOLOGO /f C:\Users\User\Documents\GitHub\HellbenderEngine\HBE\cmake-build-debug\dependencies\assimp\contrib\zlib\Makefile VERBOSE=1 &quot;$file&quot;"/>
					<Clean command="nmake /NOLOGO /f C:\Users\User\Documents\GitHub\HellbenderEngine\HBE\cmake-build-debug\dependencies\assimp\contrib\zlib\Makefile VERBOSE=1 clean"/>
					<DistClean command="nmake /NOLOGO /f C:\Users\User\Documents\GitHub\HellbenderEngine\HBE\cmake-build-debug\dependencies\assimp\contrib\zlib\Makefile VERBOSE=1 clean"/>
				</MakeCommands>
			</Target>
		</Build>
		<Unit filename="C:/Users/User/Documents/GitHub/HellbenderEngine/HBE/cmake-build-debug/dependencies/assimp/contrib/zlib/zconf.h">
			<Option target="zlib"/>
			<Option target="zlibstatic"/>
		</Unit>
		<Unit filename="C:/Users/User/Documents/GitHub/HellbenderEngine/HBE/dependencies/assimp/contrib/zlib/adler32.c">
			<Option target="zlib"/>
			<Option target="zlibstatic"/>
		</Unit>
		<Unit filename="C:/Users/User/Documents/GitHub/HellbenderEngine/HBE/dependencies/assimp/contrib/zlib/compress.c">
			<Option target="zlib"/>
			<Option target="zlibstatic"/>
		</Unit>
		<Unit filename="C:/Users/User/Documents/GitHub/HellbenderEngine/HBE/dependencies/assimp/contrib/zlib/crc32.c">
			<Option target="zlib"/>
			<Option target="zlibstatic"/>
		</Unit>
		<Unit filename="C:/Users/User/Documents/GitHub/HellbenderEngine/HBE/dependencies/assimp/contrib/zlib/crc32.h">
			<Option target="zlib"/>
			<Option target="zlibstatic"/>
		</Unit>
		<Unit filename="C:/Users/User/Documents/GitHub/HellbenderEngine/HBE/dependencies/assimp/contrib/zlib/deflate.c">
			<Option target="zlib"/>
			<Option target="zlibstatic"/>
		</Unit>
		<Unit filename="C:/Users/User/Documents/GitHub/HellbenderEngine/HBE/dependencies/assimp/contrib/zlib/deflate.h">
			<Option target="zlib"/>
			<Option target="zlibstatic"/>
		</Unit>
		<Unit filename="C:/Users/User/Documents/GitHub/HellbenderEngine/HBE/dependencies/assimp/contrib/zlib/gzclose.c">
			<Option target="zlib"/>
			<Option target="zlibstatic"/>
		</Unit>
		<Unit filename="C:/Users/User/Documents/GitHub/HellbenderEngine/HBE/dependencies/assimp/contrib/zlib/gzguts.h">
			<Option target="zlib"/>
			<Option target="zlibstatic"/>
		</Unit>
		<Unit filename="C:/Users/User/Documents/GitHub/HellbenderEngine/HBE/dependencies/assimp/contrib/zlib/gzlib.c">
			<Option target="zlib"/>
			<Option target="zlibstatic"/>
		</Unit>
		<Unit filename="C:/Users/User/Documents/GitHub/HellbenderEngine/HBE/dependencies/assimp/contrib/zlib/gzread.c">
			<Option target="zlib"/>
			<Option target="zlibstatic"/>
		</Unit>
		<Unit filename="C:/Users/User/Documents/GitHub/HellbenderEngine/HBE/dependencies/assimp/contrib/zlib/gzwrite.c">
			<Option target="zlib"/>
			<Option target="zlibstatic"/>
		</Unit>
		<Unit filename="C:/Users/User/Documents/GitHub/HellbenderEngine/HBE/dependencies/assimp/contrib/zlib/infback.c">
			<Option target="zlib"/>
			<Option target="zlibstatic"/>
		</Unit>
		<Unit filename="C:/Users/User/Documents/GitHub/HellbenderEngine/HBE/dependencies/assimp/contrib/zlib/inffast.c">
			<Option target="zlib"/>
			<Option target="zlibstatic"/>
		</Unit>
		<Unit filename="C:/Users/User/Documents/GitHub/HellbenderEngine/HBE/dependencies/assimp/contrib/zlib/inffast.h">
			<Option target="zlib"/>
			<Option target="zlibstatic"/>
		</Unit>
		<Unit filename="C:/Users/User/Documents/GitHub/HellbenderEngine/HBE/dependencies/assimp/contrib/zlib/inffixed.h">
			<Option target="zlib"/>
			<Option target="zlibstatic"/>
		</Unit>
		<Unit filename="C:/Users/User/Documents/GitHub/HellbenderEngine/HBE/dependencies/assimp/contrib/zlib/inflate.c">
			<Option target="zlib"/>
			<Option target="zlibstatic"/>
		</Unit>
		<Unit filename="C:/Users/User/Documents/GitHub/HellbenderEngine/HBE/dependencies/assimp/contrib/zlib/inflate.h">
			<Option target="zlib"/>
			<Option target="zlibstatic"/>
		</Unit>
		<Unit filename="C:/Users/User/Documents/GitHub/HellbenderEngine/HBE/dependencies/assimp/contrib/zlib/inftrees.c">
			<Option target="zlib"/>
			<Option target="zlibstatic"/>
		</Unit>
		<Unit filename="C:/Users/User/Documents/GitHub/HellbenderEngine/HBE/dependencies/assimp/contrib/zlib/inftrees.h">
			<Option target="zlib"/>
			<Option target="zlibstatic"/>
		</Unit>
		<Unit filename="C:/Users/User/Documents/GitHub/HellbenderEngine/HBE/dependencies/assimp/contrib/zlib/trees.c">
			<Option target="zlib"/>
			<Option target="zlibstatic"/>
		</Unit>
		<Unit filename="C:/Users/User/Documents/GitHub/HellbenderEngine/HBE/dependencies/assimp/contrib/zlib/trees.h">
			<Option target="zlib"/>
			<Option target="zlibstatic"/>
		</Unit>
		<Unit filename="C:/Users/User/Documents/GitHub/HellbenderEngine/HBE/dependencies/assimp/contrib/zlib/uncompr.c">
			<Option target="zlib"/>
			<Option target="zlibstatic"/>
		</Unit>
		<Unit filename="C:/Users/User/Documents/GitHub/HellbenderEngine/HBE/dependencies/assimp/contrib/zlib/win32/zlib1.rc">
			<Option target="zlib"/>
		</Unit>
		<Unit filename="C:/Users/User/Documents/GitHub/HellbenderEngine/HBE/dependencies/assimp/contrib/zlib/zlib.h">
			<Option target="zlib"/>
			<Option target="zlibstatic"/>
		</Unit>
		<Unit filename="C:/Users/User/Documents/GitHub/HellbenderEngine/HBE/dependencies/assimp/contrib/zlib/zutil.c">
			<Option target="zlib"/>
			<Option target="zlibstatic"/>
		</Unit>
		<Unit filename="C:/Users/User/Documents/GitHub/HellbenderEngine/HBE/dependencies/assimp/contrib/zlib/zutil.h">
			<Option target="zlib"/>
			<Option target="zlibstatic"/>
		</Unit>
		<Unit filename="C:/Users/User/Documents/GitHub/HellbenderEngine/HBE/CMakeLists.txt">
			<Option virtualFolder="CMake Files\"/>
		</Unit>
		<Unit filename="C:/Users/User/Documents/GitHub/HellbenderEngine/HBE/dependencies/assimp/CMakeLists.txt">
			<Option virtualFolder="CMake Files\dependencies\assimp\"/>
		</Unit>
		<Unit filename="C:/Users/User/Documents/GitHub/HellbenderEngine/HBE/dependencies/assimp/assimp-config-version.cmake.in">
			<Option virtualFolder="CMake Files\dependencies\assimp\"/>
		</Unit>
		<Unit filename="C:/Users/User/Documents/GitHub/HellbenderEngine/HBE/dependencies/assimp/assimp-config.cmake.in">
			<Option virtualFolder="CMake Files\dependencies\assimp\"/>
		</Unit>
		<Unit filename="C:/Users/User/Documents/GitHub/HellbenderEngine/HBE/dependencies/assimp/assimp.pc.in">
			<Option virtualFolder="CMake Files\dependencies\assimp\"/>
		</Unit>
		<Unit filename="C:/Users/User/Documents/GitHub/HellbenderEngine/HBE/dependencies/assimp/assimpTargets-debug.cmake.in">
			<Option virtualFolder="CMake Files\dependencies\assimp\"/>
		</Unit>
		<Unit filename="C:/Users/User/Documents/GitHub/HellbenderEngine/HBE/dependencies/assimp/assimpTargets.cmake.in">
			<Option virtualFolder="CMake Files\dependencies\assimp\"/>
		</Unit>
		<Unit filename="C:/Users/User/Documents/GitHub/HellbenderEngine/HBE/dependencies/assimp/revision.h.in">
			<Option virtualFolder="CMake Files\dependencies\assimp\"/>
		</Unit>
		<Unit filename="C:/Users/User/Documents/GitHub/HellbenderEngine/HBE/dependencies/assimp/cmake/HunterGate.cmake">
			<Option virtualFolder="CMake Files\dependencies\assimp\cmake\"/>
		</Unit>
		<Unit filename="C:/Users/User/Documents/GitHub/HellbenderEngine/HBE/dependencies/assimp/include/assimp/config.h.in">
			<Option virtualFolder="CMake Files\dependencies\assimp\include\assimp\"/>
		</Unit>
		<Unit filename="C:/Users/User/Documents/GitHub/HellbenderEngine/HBE/dependencies/assimp/cmake-modules/FindDirectX.cmake">
			<Option virtualFolder="CMake Files\dependencies\assimp\cmake-modules\"/>
		</Unit>
		<Unit filename="C:/Users/User/Documents/GitHub/HellbenderEngine/HBE/dependencies/assimp/cmake-modules/FindPkgMacros.cmake">
			<Option virtualFolder="CMake Files\dependencies\assimp\cmake-modules\"/>
		</Unit>
		<Unit filename="C:/Users/User/Documents/GitHub/HellbenderEngine/HBE/dependencies/assimp/cmake-modules/FindRT.cmake">
			<Option virtualFolder="CMake Files\dependencies\assimp\cmake-modules\"/>
		</Unit>
		<Unit filename="C:/Users/User/Documents/GitHub/HellbenderEngine/HBE/dependencies/assimp/cmake-modules/PrecompiledHeader.cmake">
			<Option virtualFolder="CMake Files\dependencies\assimp\cmake-modules\"/>
		</Unit>
		<Unit filename="C:/Users/User/Documents/GitHub/HellbenderEngine/HBE/dependencies/assimp/contrib/CMakeLists.txt">
			<Option virtualFolder="CMake Files\dependencies\assimp\contrib\"/>
		</Unit>
		<Unit filename="C:/Users/User/Documents/GitHub/HellbenderEngine/HBE/dependencies/assimp/contrib/zlib/CMakeLists.txt">
			<Option virtualFolder="CMake Files\dependencies\assimp\contrib\zlib\"/>
		</Unit>
		<Unit filename="C:/Users/User/Documents/GitHub/HellbenderEngine/HBE/dependencies/assimp/contrib/zlib/zconf.h.cmakein">
			<Option virtualFolder="CMake Files\dependencies\assimp\contrib\zlib\"/>
		</Unit>
		<Unit filename="C:/Users/User/Documents/GitHub/HellbenderEngine/HBE/dependencies/assimp/contrib/zlib/zlib.pc.cmakein">
			<Option virtualFolder="CMake Files\dependencies\assimp\contrib\zlib\"/>
		</Unit>
		<Unit filename="C:/Users/User/Documents/GitHub/HellbenderEngine/HBE/dependencies/assimp/contrib/irrXML/CMakeLists.txt">
			<Option virtualFolder="CMake Files\dependencies\assimp\contrib\irrXML\"/>
		</Unit>
		<Unit filename="C:/Users/User/Documents/GitHub/HellbenderEngine/HBE/dependencies/assimp/code/CMakeLists.txt">
			<Option virtualFolder="CMake Files\dependencies\assimp\code\"/>
		</Unit>
		<Unit filename="C:/Users/User/Documents/GitHub/HellbenderEngine/HBE/dependencies/glfw/CMakeLists.txt">
			<Option virtualFolder="CMake Files\dependencies\glfw\"/>
		</Unit>
		<Unit filename="C:/Users/User/Documents/GitHub/HellbenderEngine/HBE/dependencies/glfw/CMake/cmake_uninstall.cmake.in">
			<Option virtualFolder="CMake Files\dependencies\glfw\CMake\"/>
		</Unit>
		<Unit filename="C:/Users/User/Documents/GitHub/HellbenderEngine/HBE/dependencies/glfw/CMake/glfw3.pc.in">
			<Option virtualFolder="CMake Files\dependencies\glfw\CMake\"/>
		</Unit>
		<Unit filename="C:/Users/User/Documents/GitHub/HellbenderEngine/HBE/dependencies/glfw/CMake/glfw3Config.cmake.in">
			<Option virtualFolder="CMake Files\dependencies\glfw\CMake\"/>
		</Unit>
		<Unit filename="C:/Users/User/Documents/GitHub/HellbenderEngine/HBE/dependencies/glfw/src/CMakeLists.txt">
			<Option virtualFolder="CMake Files\dependencies\glfw\src\"/>
		</Unit>
		<Unit filename="C:/Users/User/Documents/GitHub/HellbenderEngine/HBE/dependencies/glfw/src/glfw_config.h.in">
			<Option virtualFolder="CMake Files\dependencies\glfw\src\"/>
		</Unit>
		<Unit filename="C:/Users/User/Documents/GitHub/HellbenderEngine/HBE/dependencies/glad/CMakeLists.txt">
			<Option virtualFolder="CMake Files\dependencies\glad\"/>
		</Unit>
		<Unit filename="C:/Users/User/Documents/GitHub/HellbenderEngine/HBE/dependencies/stb/CMakeLists.txt">
			<Option virtualFolder="CMake Files\dependencies\stb\"/>
		</Unit>
		<Unit filename="C:/Users/User/Documents/GitHub/HellbenderEngine/HBE/dependencies/lua/CMakeLists.txt">
			<Option virtualFolder="CMake Files\dependencies\lua\"/>
		</Unit>
	</Project>
</CodeBlocks_project_file>
